
Microsoft Visual Studio Solution File, Format Version 11.00
# Visual Studio 2010
Project("{8BC9CEB8-8B4A-11D0-8D11-00A0C91BC942}") = "TheHell2", "thehell2.vcxproj", "{E982BC91-6810-4A42-94FB-19E3E744A3A7}"
	ProjectSection(ProjectDependencies) = postProject
		{7432D0FB-24E3-4439-A38F-8C000FCA6E49} = {7432D0FB-24E3-4439-A38F-8C000FCA6E49}
	EndProjectSection
EndProject
Project("{8BC9CEB8-8B4A-11D0-8D11-00A0C91BC942}") = "LoadExeData", "LoadData\LoadExeData.vcxproj", "{8E4C348D-5174-48D4-AEE5-5B758297768F}"
	ProjectSection(ProjectDependencies) = postProject
		{FEA2E91E-87F7-4147-A094-C83351ECF548} = {FEA2E91E-87F7-4147-A094-C83351ECF548}
	EndProjectSection
EndProject
Project("{8BC9CEB8-8B4A-11D0-8D11-00A0C91BC942}") = "LoadExeDataDll", "LoadDataDll\LoadExeDataDll.vcxproj", "{FEA2E91E-87F7-4147-A094-C83351ECF548}"
EndProject
Project("{8BC9CEB8-8B4A-11D0-8D11-00A0C91BC942}") = "Server", "Server\Server.vcxproj", "{FFA8D625-0261-4776-BFBA-8E2323797404}"
EndProject
Project("{8BC9CEB8-8B4A-11D0-8D11-00A0C91BC942}") = "MPQAccess", "MPQAccess\MPQAccess.vcxproj", "{D6F3BD92-C719-4132-8690-23A0C0390613}"
EndProject
Project("{8BC9CEB8-8B4A-11D0-8D11-00A0C91BC942}") = "StormLib_dll", "StormLib\StormLib_dll.vcxproj", "{CB385198-50B1-4CF4-883B-11F042DED6AA}"
EndProject
Project("{2150E333-8FDC-42A3-9474-1A3956D46DE8}") = "Tests", "Tests", "{E249C4C3-0195-4BD6-A15A-FD33B63F4683}"
EndProject
Project("{8BC9CEB8-8B4A-11D0-8D11-00A0C91BC942}") = "TH1mod", "TH1dll\TH1dll.vcxproj", "{304D6889-5AEC-44BB-8CEA-BC4437125358}"
EndProject
Project("{8BC9CEB8-8B4A-11D0-8D11-00A0C91BC942}") = "TH1", "TH1\TH1.vcxproj", "{7432D0FB-24E3-4439-A38F-8C000FCA6E49}"
	ProjectSection(ProjectDependencies) = postProject
		{304D6889-5AEC-44BB-8CEA-BC4437125358} = {304D6889-5AEC-44BB-8CEA-BC4437125358}
		{8E4C348D-5174-48D4-AEE5-5B758297768F} = {8E4C348D-5174-48D4-AEE5-5B758297768F}
	EndProjectSection
EndProject
Global
	GlobalSection(SolutionConfigurationPlatforms) = preSolution
		Debug|Win32 = Debug|Win32
		Release|Win32 = Release|Win32
		ReleaseD|Win32 = ReleaseD|Win32
	EndGlobalSection
	GlobalSection(ProjectConfigurationPlatforms) = postSolution
		{E982BC91-6810-4A42-94FB-19E3E744A3A7}.Debug|Win32.ActiveCfg = Debug|Win32
		{E982BC91-6810-4A42-94FB-19E3E744A3A7}.Debug|Win32.Build.0 = Debug|Win32
		{E982BC91-6810-4A42-94FB-19E3E744A3A7}.Release|Win32.ActiveCfg = Release|Win32
		{E982BC91-6810-4A42-94FB-19E3E744A3A7}.Release|Win32.Build.0 = Release|Win32
		{E982BC91-6810-4A42-94FB-19E3E744A3A7}.ReleaseD|Win32.ActiveCfg = ReleaseD|Win32
		{E982BC91-6810-4A42-94FB-19E3E744A3A7}.ReleaseD|Win32.Build.0 = ReleaseD|Win32
		{8E4C348D-5174-48D4-AEE5-5B758297768F}.Debug|Win32.ActiveCfg = Debug|Win32
		{8E4C348D-5174-48D4-AEE5-5B758297768F}.Debug|Win32.Build.0 = Debug|Win32
		{8E4C348D-5174-48D4-AEE5-5B758297768F}.Release|Win32.ActiveCfg = Release|Win32
		{8E4C348D-5174-48D4-AEE5-5B758297768F}.Release|Win32.Build.0 = Release|Win32
		{8E4C348D-5174-48D4-AEE5-5B758297768F}.ReleaseD|Win32.ActiveCfg = Release|Win32
		{8E4C348D-5174-48D4-AEE5-5B758297768F}.ReleaseD|Win32.Build.0 = Release|Win32
		{FEA2E91E-87F7-4147-A094-C83351ECF548}.Debug|Win32.ActiveCfg = Debug|Win32
		{FEA2E91E-87F7-4147-A094-C83351ECF548}.Debug|Win32.Build.0 = Debug|Win32
		{FEA2E91E-87F7-4147-A094-C83351ECF548}.Release|Win32.ActiveCfg = Release|Win32
		{FEA2E91E-87F7-4147-A094-C83351ECF548}.Release|Win32.Build.0 = Release|Win32
		{FEA2E91E-87F7-4147-A094-C83351ECF548}.ReleaseD|Win32.ActiveCfg = Release|Win32
		{FEA2E91E-87F7-4147-A094-C83351ECF548}.ReleaseD|Win32.Build.0 = Release|Win32
		{FFA8D625-0261-4776-BFBA-8E2323797404}.Debug|Win32.ActiveCfg = Debug|Win32
		{FFA8D625-0261-4776-BFBA-8E2323797404}.Release|Win32.ActiveCfg = Release|Win32
		{FFA8D625-0261-4776-BFBA-8E2323797404}.Release|Win32.Build.0 = Release|Win32
		{FFA8D625-0261-4776-BFBA-8E2323797404}.ReleaseD|Win32.ActiveCfg = Release|Win32
		{FFA8D625-0261-4776-BFBA-8E2323797404}.ReleaseD|Win32.Build.0 = Release|Win32
		{D6F3BD92-C719-4132-8690-23A0C0390613}.Debug|Win32.ActiveCfg = Debug|Win32
		{D6F3BD92-C719-4132-8690-23A0C0390613}.Release|Win32.ActiveCfg = Release|Win32
		{D6F3BD92-C719-4132-8690-23A0C0390613}.ReleaseD|Win32.ActiveCfg = Release|Win32
		{CB385198-50B1-4CF4-883B-11F042DED6AA}.Debug|Win32.ActiveCfg = Debug|Win32
		{CB385198-50B1-4CF4-883B-11F042DED6AA}.Release|Win32.ActiveCfg = Release|Win32
		{CB385198-50B1-4CF4-883B-11F042DED6AA}.ReleaseD|Win32.ActiveCfg = Release|x64
		{304D6889-5AEC-44BB-8CEA-BC4437125358}.Debug|Win32.ActiveCfg = Debug|Win32
		{304D6889-5AEC-44BB-8CEA-BC4437125358}.Debug|Win32.Build.0 = Debug|Win32
		{304D6889-5AEC-44BB-8CEA-BC4437125358}.Release|Win32.ActiveCfg = Release|Win32
		{304D6889-5AEC-44BB-8CEA-BC4437125358}.Release|Win32.Build.0 = Release|Win32
		{304D6889-5AEC-44BB-8CEA-BC4437125358}.ReleaseD|Win32.ActiveCfg = Release|Win32
		{304D6889-5AEC-44BB-8CEA-BC4437125358}.ReleaseD|Win32.Build.0 = Release|Win32
		{7432D0FB-24E3-4439-A38F-8C000FCA6E49}.Debug|Win32.ActiveCfg = Debug|Win32
		{7432D0FB-24E3-4439-A38F-8C000FCA6E49}.Debug|Win32.Build.0 = Debug|Win32
		{7432D0FB-24E3-4439-A38F-8C000FCA6E49}.Release|Win32.ActiveCfg = Release|Win32
		{7432D0FB-24E3-4439-A38F-8C000FCA6E49}.Release|Win32.Build.0 = Release|Win32
		{7432D0FB-24E3-4439-A38F-8C000FCA6E49}.ReleaseD|Win32.ActiveCfg = Release|Win32
		{7432D0FB-24E3-4439-A38F-8C000FCA6E49}.ReleaseD|Win32.Build.0 = Release|Win32
	EndGlobalSection
	GlobalSection(SolutionProperties) = preSolution
		HideSolutionNode = FALSE
	EndGlobalSection
EndGlobal
