<?xml version="1.0" encoding="utf-8"?>
<Project ToolsVersion="4.0" xmlns="http://schemas.microsoft.com/developer/msbuild/2003">
  <ItemGroup>
    <Filter Include="Source Files">
      <UniqueIdentifier>{33b0c31f-93ad-4bcd-8a24-6ba3c49af3f4}</UniqueIdentifier>
      <Extensions>cpp;c;cxx;rc;def;r;odl;idl;hpj;bat</Extensions>
    </Filter>
    <Filter Include="Header Files">
      <UniqueIdentifier>{9ac216c2-2477-49d1-b0ad-a9ada68819e4}</UniqueIdentifier>
      <Extensions>h;hpp;hxx;hm;inl</Extensions>
    </Filter>
    <Filter Include="fromdlls">
      <UniqueIdentifier>{39c27ff1-a622-42d3-be23-00e403c2d9e4}</UniqueIdentifier>
    </Filter>
    <Filter Include="Resource Files">
      <UniqueIdentifier>{d47000be-3f59-4e11-a04b-a9948fef6a09}</UniqueIdentifier>
      <Extensions>ico;cur;bmp;dlg;rc2;rct;bin;rgs;gif;jpg;jpeg;jpe</Extensions>
    </Filter>
    <Filter Include="StormLib">
      <UniqueIdentifier>{9b333f13-dd50-40a8-8c64-aca7409d7ba0}</UniqueIdentifier>
    </Filter>
    <Filter Include="StormLib\huffman">
      <UniqueIdentifier>{3193063d-4cb5-435b-8ae4-fd7e8c234a65}</UniqueIdentifier>
    </Filter>
    <Filter Include="StormLib\misc">
      <UniqueIdentifier>{de1e90be-15ca-4e48-b1aa-a3f4d349c35a}</UniqueIdentifier>
    </Filter>
    <Filter Include="StormLib\zlib">
      <UniqueIdentifier>{d4dc4d0d-2746-4cc4-9313-70ab0fc2aa8a}</UniqueIdentifier>
    </Filter>
    <Filter Include="StormLib\pklib">
      <UniqueIdentifier>{31d777b4-d89b-45af-a622-e9ba26c6c299}</UniqueIdentifier>
    </Filter>
    <Filter Include="StormLib\wave">
      <UniqueIdentifier>{9a951f69-3102-47c7-955e-9c444586b408}</UniqueIdentifier>
    </Filter>
    <Filter Include="StormLib\bzip2">
      <UniqueIdentifier>{6fe19d7f-a59c-4b51-82b9-6a7a3c5ee904}</UniqueIdentifier>
    </Filter>
    <Filter Include="Shaders">
      <UniqueIdentifier>{09c66f30-ef25-4fd3-b575-0751e1de283f}</UniqueIdentifier>
    </Filter>
  </ItemGroup>
  <ItemGroup>
    <ClCompile Include="src\automap.cpp">
      <Filter>Source Files</Filter>
    </ClCompile>
    <ClCompile Include="src\dataseg.cpp">
      <Filter>Source Files</Filter>
    </ClCompile>
    <ClCompile Include="src\dx_utility.cpp">
      <Filter>Source Files</Filter>
    </ClCompile>
    <ClCompile Include="src\IniFile.cpp">
      <Filter>Source Files</Filter>
    </ClCompile>
    <ClCompile Include="src\menu.cpp">
      <Filter>Source Files</Filter>
    </ClCompile>
    <ClCompile Include="src\palette.cpp">
      <Filter>Source Files</Filter>
    </ClCompile>
    <ClCompile Include="lib\pklib\explode.cpp">
      <Filter>StormLib\pklib</Filter>
    </ClCompile>
    <ClCompile Include="lib\pklib\implode.cpp">
      <Filter>StormLib\pklib</Filter>
    </ClCompile>
    <ClCompile Include="src\serialize.cpp">
      <Filter>Source Files</Filter>
    </ClCompile>
    <ClCompile Include="src\BaseItems.cpp">
      <Filter>Resource Files</Filter>
    </ClCompile>
    <ClCompile Include="src\BaseMonster.cpp">
      <Filter>Resource Files</Filter>
    </ClCompile>
    <ClCompile Include="src\UniqueItems.cpp">
      <Filter>Resource Files</Filter>
    </ClCompile>
    <ClCompile Include="src\Affixes.cpp">
      <Filter>Resource Files</Filter>
    </ClCompile>
    <ClCompile Include="src\UniqueMonsters.cpp">
      <Filter>Resource Files</Filter>
    </ClCompile>
    <ClCompile Include="src\Spells.cpp">
      <Filter>Resource Files</Filter>
    </ClCompile>
    <ClCompile Include="src\SpellCasts.cpp">
      <Filter>Resource Files</Filter>
    </ClCompile>
    <ClCompile Include="src\BaseObjectsOnMap.cpp">
      <Filter>Resource Files</Filter>
    </ClCompile>
    <ClCompile Include="src\thehell2.cpp">
      <Filter>Source Files</Filter>
    </ClCompile>
    <ClCompile Include="src\structs_sounds.cpp">
      <Filter>Resource Files</Filter>
    </ClCompile>
    <ClCompile Include="src\structs_speech.cpp">
      <Filter>Resource Files</Filter>
    </ClCompile>
    <ClCompile Include="src\CastSprites.cpp">
      <Filter>Resource Files</Filter>
    </ClCompile>
    <ClCompile Include="src\Lights.cpp">
      <Filter>Source Files</Filter>
    </ClCompile>
    <ClCompile Include="src\BaseQuests.cpp">
      <Filter>Resource Files</Filter>
    </ClCompile>
    <ClCompile Include="src\PlayerTrade.cpp">
      <Filter>Source Files</Filter>
    </ClCompile>
    <ClCompile Include="src\PopupScreens.cpp">
      <Filter>Source Files</Filter>
    </ClCompile>
    <ClCompile Include="src\Engine.cpp">
      <Filter>Source Files</Filter>
    </ClCompile>
    <ClCompile Include="src\CodeSave.cpp">
      <Filter>Source Files</Filter>
    </ClCompile>
    <ClCompile Include="src\SHA.cpp">
      <Filter>Source Files</Filter>
    </ClCompile>
    <ClCompile Include="src\Speeches.cpp">
      <Filter>Source Files</Filter>
    </ClCompile>
    <ClCompile Include="src\UberDiabloQuest.cpp">
      <Filter>Source Files</Filter>
    </ClCompile>
    <ClCompile Include="src\GenerateQuestFloor.cpp">
      <Filter>Source Files</Filter>
    </ClCompile>
    <ClCompile Include="src\Quests.cpp">
      <Filter>Source Files</Filter>
    </ClCompile>
    <ClCompile Include="src\CharSlots.cpp">
      <Filter>Source Files</Filter>
    </ClCompile>
    <ClCompile Include="src\Room.cpp">
      <Filter>Source Files</Filter>
    </ClCompile>
    <ClCompile Include="src\Warp.cpp">
      <Filter>Source Files</Filter>
    </ClCompile>
    <ClCompile Include="src\Saving.cpp">
      <Filter>Source Files</Filter>
    </ClCompile>
    <ClCompile Include="src\Draw.cpp">
      <Filter>Source Files</Filter>
    </ClCompile>
    <ClCompile Include="src\TownMap.cpp">
      <Filter>Source Files</Filter>
    </ClCompile>
    <ClCompile Include="src\Panel.cpp">
      <Filter>Source Files</Filter>
    </ClCompile>
    <ClCompile Include="src\Missile.cpp">
      <Filter>Source Files</Filter>
    </ClCompile>
    <ClCompile Include="src\Error.cpp">
      <Filter>Source Files</Filter>
    </ClCompile>
    <ClCompile Include="src\Main.cpp">
      <Filter>Source Files</Filter>
    </ClCompile>
    <ClCompile Include="src\GenerateMap.cpp">
      <Filter>Source Files</Filter>
    </ClCompile>
    <ClCompile Include="src\thread.cpp">
      <Filter>Source Files</Filter>
    </ClCompile>
    <ClCompile Include="src\dx.cpp">
      <Filter>Source Files</Filter>
    </ClCompile>
    <ClCompile Include="src\Exception.cpp">
      <Filter>Source Files</Filter>
    </ClCompile>
    <ClCompile Include="src\Halls.cpp">
      <Filter>Source Files</Filter>
    </ClCompile>
    <ClCompile Include="src\Help.cpp">
      <Filter>Source Files</Filter>
    </ClCompile>
    <ClCompile Include="src\Windows.cpp">
      <Filter>Source Files</Filter>
    </ClCompile>
    <ClCompile Include="src\LoadingScreen.cpp">
      <Filter>Source Files</Filter>
    </ClCompile>
    <ClCompile Include="src\Item.cpp">
      <Filter>Source Files</Filter>
    </ClCompile>
    <ClCompile Include="src\MainMenu.cpp">
      <Filter>Source Files</Filter>
    </ClCompile>
    <ClCompile Include="src\Monster.cpp">
      <Filter>Source Files</Filter>
    </ClCompile>
    <ClCompile Include="src\MpqSave.cpp">
      <Filter>Source Files</Filter>
    </ClCompile>
    <ClCompile Include="src\Net.cpp">
      <Filter>Source Files</Filter>
    </ClCompile>
    <ClCompile Include="src\Object.cpp">
      <Filter>Source Files</Filter>
    </ClCompile>
    <ClCompile Include="src\SaveInfo.cpp">
      <Filter>Source Files</Filter>
    </ClCompile>
    <ClCompile Include="src\Path.cpp">
      <Filter>Source Files</Filter>
    </ClCompile>
    <ClCompile Include="src\Player.cpp">
      <Filter>Source Files</Filter>
    </ClCompile>
    <ClCompile Include="src\Entry.cpp">
      <Filter>Source Files</Filter>
    </ClCompile>
    <ClCompile Include="src\SoundBuffer.cpp">
      <Filter>Source Files</Filter>
    </ClCompile>
    <ClCompile Include="src\SomeSpell.cpp">
      <Filter>Source Files</Filter>
    </ClCompile>
    <ClCompile Include="src\NetSync.cpp">
      <Filter>Source Files</Filter>
    </ClCompile>
    <ClCompile Include="src\PlayersSync.cpp">
      <Filter>Source Files</Filter>
    </ClCompile>
    <ClCompile Include="src\SoundCache.cpp">
      <Filter>Source Files</Filter>
    </ClCompile>
    <ClCompile Include="src\File.cpp">
      <Filter>Source Files</Filter>
    </ClCompile>
    <ClCompile Include="src\MenuEngine.cpp">
      <Filter>Source Files</Filter>
    </ClCompile>
    <ClCompile Include="src\common.cpp">
      <Filter>Source Files</Filter>
    </ClCompile>
    <ClCompile Include="src\Exemap.cpp">
      <Filter>Source Files</Filter>
    </ClCompile>
    <ClCompile Include="src\InjectLib.cpp">
      <Filter>Source Files</Filter>
    </ClCompile>
    <ClCompile Include="src\stdafx.cpp">
      <Filter>Source Files</Filter>
    </ClCompile>
    <ClCompile Include="src\th2_proposals.cpp">
      <Filter>Source Files</Filter>
    </ClCompile>
    <ClCompile Include="src\Stash.cpp">
      <Filter>Source Files</Filter>
    </ClCompile>
    <ClCompile Include="src\Config.cpp">
      <Filter>Source Files</Filter>
    </ClCompile>
    <ClCompile Include="src\Hell.cpp">
      <Filter>Source Files</Filter>
    </ClCompile>
    <ClCompile Include="src\th2data.cpp">
      <Filter>Resource Files</Filter>
    </ClCompile>
    <ClCompile Include="src\TH1dll.cpp">
      <Filter>Source Files</Filter>
    </ClCompile>
    <ClCompile Include="src\AffixEffects.cpp">
      <Filter>Resource Files</Filter>
    </ClCompile>
    <ClCompile Include="src\AffixesRare.cpp">
      <Filter>Resource Files</Filter>
    </ClCompile>
    <ClCompile Include="src\Perks.cpp">
      <Filter>Resource Files</Filter>
    </ClCompile>
  </ItemGroup>
  <ItemGroup>
    <None Include="src\vorbis.cpp">
      <Filter>Source Files</Filter>
    </None>
    <None Include="src\ScreenShotMaker.cpp">
      <Filter>Source Files</Filter>
    </None>
    <None Include="DevNotes.txt" />
    <None Include="res\diablo_a.cur">
      <Filter>Resource Files</Filter>
    </None>
    <None Include="res\diablo_l.cur">
      <Filter>Resource Files</Filter>
    </None>
    <None Include="res\diablocu.cur">
      <Filter>Resource Files</Filter>
    </None>
    <None Include="res\diabloib.cur">
      <Filter>Resource Files</Filter>
    </None>
    <None Include="$(GameFolder)config.ini" />
  </ItemGroup>
  <ItemGroup>
    <ClInclude Include="src\common.h">
      <Filter>Header Files</Filter>
    </ClInclude>
    <ClInclude Include="src\IniFile.h">
      <Filter>Header Files</Filter>
    </ClInclude>
    <ClInclude Include="src\rad.h">
      <Filter>Header Files</Filter>
    </ClInclude>
    <ClInclude Include="src\stdafx.h">
      <Filter>Header Files</Filter>
    </ClInclude>
    <ClInclude Include="src\resource.h">
      <Filter>Resource Files</Filter>
    </ClInclude>
    <ClInclude Include="src\smack.h">
      <Filter>fromdlls</Filter>
    </ClInclude>
    <ClInclude Include="src\storm.h">
      <Filter>fromdlls</Filter>
    </ClInclude>
    <ClInclude Include="lib\pklib\pklib.h">
      <Filter>StormLib\pklib</Filter>
    </ClInclude>
    <ClInclude Include="src\structs.h">
      <Filter>Header Files</Filter>
    </ClInclude>
    <ClInclude Include="src\vars.h">
      <Filter>Header Files</Filter>
    </ClInclude>
    <ClInclude Include="tools\version.h">
      <Filter>Header Files</Filter>
    </ClInclude>
    <ClInclude Include="src\thehell2.h">
      <Filter>Header Files</Filter>
    </ClInclude>
    <ClInclude Include="src\ScreenShotMaker.h">
      <Filter>Header Files</Filter>
    </ClInclude>
    <ClInclude Include="src\codec.h">
      <Filter>Header Files</Filter>
    </ClInclude>
    <ClInclude Include="src\vorbisenc.h">
      <Filter>Header Files</Filter>
    </ClInclude>
    <ClInclude Include="src\vorbisfile.h">
      <Filter>Header Files</Filter>
    </ClInclude>
    <ClInclude Include="src\enums.h">
      <Filter>Header Files</Filter>
    </ClInclude>
    <ClInclude Include="src\BitsBytes.h">
      <Filter>Header Files</Filter>
    </ClInclude>
    <ClInclude Include="src\funcs.h">
      <Filter>Header Files</Filter>
    </ClInclude>
    <ClInclude Include="src\th2_proposals.h">
      <Filter>Header Files</Filter>
    </ClInclude>
    <ClInclude Include="src\InjectLib.h">
      <Filter>Header Files</Filter>
    </ClInclude>
    <ClInclude Include="src\hell.h">
      <Filter>Header Files</Filter>
    </ClInclude>
  </ItemGroup>
  <ItemGroup>
    <ResourceCompile Include="src\thehell2.rc">
      <Filter>Resource Files</Filter>
    </ResourceCompile>
  </ItemGroup>
  <ItemGroup>
    <Image Include="res\ico101.ico">
      <Filter>Resource Files</Filter>
    </Image>
  </ItemGroup>
  <ItemGroup>
    <CustomBuild Include="lib\Standard.sn2">
      <Filter>fromdlls</Filter>
    </CustomBuild>
    <CustomBuild Include="lib\Strm2.dll">
      <Filter>fromdlls</Filter>
    </CustomBuild>
    <CustomBuild Include="$(SolutionDir)..\.svn\wc.db">
      <Filter>fromdlls</Filter>
    </CustomBuild>
    <CustomBuild Include="lib\SmackW32.DLL">
      <Filter>fromdlls</Filter>
    </CustomBuild>
  </ItemGroup>
  <ItemGroup>
    <Text Include="bin\TH2ChangesLog.txt" />
    <Text Include="bin\ReadMe.txt" />
    <Text Include="res\credits.txt">
      <Filter>Resource Files</Filter>
    </Text>
    <Text Include="res\support.txt">
      <Filter>Resource Files</Filter>
    </Text>
    <Text Include="bin\TH2ChangesLog_ru.txt" />
  </ItemGroup>
  <ItemGroup>
    <FxCompile Include="src\PaletteShader.hlsl">
      <Filter>Shaders</Filter>
    </FxCompile>
    <FxCompile Include="src\LineShader.hlsl">
      <Filter>Shaders</Filter>
    </FxCompile>
  </ItemGroup>
</Project>