
Microsoft Visual Studio Solution File, Format Version 12.00
# Visual Studio 14
VisualStudioVersion = 14.0.23107.0
MinimumVisualStudioVersion = 10.0.40219.1
Project("{F184B08F-C81C-45F6-A57F-5ABD9991F28F}") = "AutoScroll", "AutoScroll.vbproj", "{4287D41A-841E-460C-B57A-1BD1C9061AB6}"
EndProject
Global
	GlobalSection(SolutionConfigurationPlatforms) = preSolution
		Debug|Any CPU = Debug|Any CPU
		Debug|x86 = Debug|x86
		Release|Any CPU = Release|Any CPU
		Release|x86 = Release|x86
	EndGlobalSection
	GlobalSection(ProjectConfigurationPlatforms) = postSolution
		{4287D41A-841E-460C-B57A-1BD1C9061AB6}.Debug|Any CPU.ActiveCfg = Debug|Any CPU
		{4287D41A-841E-460C-B57A-1BD1C9061AB6}.Debug|Any CPU.Build.0 = Debug|Any CPU
		{4287D41A-841E-460C-B57A-1BD1C9061AB6}.Debug|x86.ActiveCfg = Debug|x86
		{4287D41A-841E-460C-B57A-1BD1C9061AB6}.Debug|x86.Build.0 = Debug|x86
		{4287D41A-841E-460C-B57A-1BD1C9061AB6}.Release|Any CPU.ActiveCfg = Release|Any CPU
		{4287D41A-841E-460C-B57A-1BD1C9061AB6}.Release|Any CPU.Build.0 = Release|Any CPU
		{4287D41A-841E-460C-B57A-1BD1C9061AB6}.Release|x86.ActiveCfg = Release|x86
		{4287D41A-841E-460C-B57A-1BD1C9061AB6}.Release|x86.Build.0 = Release|x86
	EndGlobalSection
	GlobalSection(SolutionProperties) = preSolution
		HideSolutionNode = FALSE
	EndGlobalSection
	GlobalSection(TestCaseManagementSettings) = postSolution
		CategoryFile = VS2010 AutoScroll.vsmdi
	EndGlobalSection
EndGlobal
